<?xml version="1.0" encoding="utf-8"?>
<Project ToolsVersion="4.0" xmlns="http://schemas.microsoft.com/developer/msbuild/2003">
  <ItemGroup>
    <Filter Include="Source Files">
      <UniqueIdentifier>{4FC737F1-C7A5-4376-A066-2A32D752A2FF}</UniqueIdentifier>
      <Extensions>cpp;c;cc;cxx;def;odl;idl;hpj;bat;asm;asmx</Extensions>
    </Filter>
    <Filter Include="Header Files">
      <UniqueIdentifier>{93995380-89BD-4b04-88EB-625FBE52EBFB}</UniqueIdentifier>
      <Extensions>h;hh;hpp;hxx;hm;inl;inc;xsd</Extensions>
    </Filter>
    <Filter Include="Resource Files">
      <UniqueIdentifier>{67DA6AB6-F800-4c08-8B7A-83BB121AAD01}</UniqueIdentifier>
      <Extensions>rc;ico;cur;bmp;dlg;rc2;rct;bin;rgs;gif;jpg;jpeg;jpe;resx;tiff;tif;png;wav;mfcribbon-ms</Extensions>
    </Filter>
    <Filter Include="Source Files\tinyply">
      <UniqueIdentifier>{9caad96e-2500-486f-a572-ff25a2173f5c}</UniqueIdentifier>
    </Filter>
    <Filter Include="Source Files\libMorton">
      <UniqueIdentifier>{af330aa0-59b5-438e-b6fe-e50528d1d5ad}</UniqueIdentifier>
    </Filter>
  </ItemGroup>
  <ItemGroup>
    <ClCompile Include="src\Decoder.cpp">
      <Filter>Source Files</Filter>
    </ClCompile>
    <ClCompile Include="src\Encoder.cpp">
      <Filter>Source Files</Filter>
    </ClCompile>
    <ClCompile Include="src\main.cpp">
      <Filter>Source Files</Filter>
    </ClCompile>
    <ClCompile Include="src\Octree.cpp">
      <Filter>Source Files</Filter>
    </ClCompile>
    <ClCompile Include="src\PointCloud.cpp">
      <Filter>Source Files</Filter>
    </ClCompile>
    <ClCompile Include="src\PointCloudIO.cpp">
      <Filter>Source Files</Filter>
    </ClCompile>
    <ClCompile Include="src\BoundingBox.cpp">
      <Filter>Source Files</Filter>
    </ClCompile>
    <ClCompile Include="src\tinyply\tinyply.cpp">
      <Filter>Source Files\tinyply</Filter>
    </ClCompile>
    <ClCompile Include="src\Huffman.cpp">
      <Filter>Source Files</Filter>
    </ClCompile>
    <ClCompile Include="src\MortonCode.cpp">
      <Filter>Source Files</Filter>
    </ClCompile>
  </ItemGroup>
  <ItemGroup>
    <ClInclude Include="src\Decoder.h">
      <Filter>Source Files</Filter>
    </ClInclude>
    <ClInclude Include="src\Encoder.h">
      <Filter>Source Files</Filter>
    </ClInclude>
    <ClInclude Include="src\Octree.h">
      <Filter>Source Files</Filter>
    </ClInclude>
    <ClInclude Include="src\PointCloud.h">
      <Filter>Source Files</Filter>
    </ClInclude>
    <ClInclude Include="src\PointCloudIO.h">
      <Filter>Source Files</Filter>
    </ClInclude>
    <ClInclude Include="src\BoundingBox.h">
      <Filter>Source Files</Filter>
    </ClInclude>
    <ClInclude Include="src\tinyply\tinyply.h">
      <Filter>Source Files\tinyply</Filter>
    </ClInclude>
    <ClInclude Include="src\Huffman.h">
      <Filter>Source Files</Filter>
    </ClInclude>
    <ClInclude Include="src\MortonCode.h">
      <Filter>Source Files</Filter>
    </ClInclude>
    <ClInclude Include="src\Index.h">
      <Filter>Source Files</Filter>
    </ClInclude>
    <ClInclude Include="src\libmorton\morton.h">
      <Filter>Source Files\libMorton</Filter>
    </ClInclude>
    <ClInclude Include="src\libmorton\morton_BMI.h">
      <Filter>Source Files\libMorton</Filter>
    </ClInclude>
    <ClInclude Include="src\libmorton\morton_common.h">
      <Filter>Source Files\libMorton</Filter>
    </ClInclude>
    <ClInclude Include="src\libmorton\morton_LUT_generators.h">
      <Filter>Source Files\libMorton</Filter>
    </ClInclude>
    <ClInclude Include="src\libmorton\morton2D.h">
      <Filter>Source Files\libMorton</Filter>
    </ClInclude>
    <ClInclude Include="src\libmorton\morton2D_LUTs.h">
      <Filter>Source Files\libMorton</Filter>
    </ClInclude>
    <ClInclude Include="src\libmorton\morton3D.h">
      <Filter>Source Files\libMorton</Filter>
    </ClInclude>
    <ClInclude Include="src\libmorton\morton3D_LUTs.h">
      <Filter>Source Files\libMorton</Filter>
    </ClInclude>
  </ItemGroup>
</Project>